
Microsoft Visual Studio Solution File, Format Version 12.00
# Visual Studio 2012
Project("{FAE04EC0-301F-11D3-BF4B-00C04F79EFBC}") = "GTA2.NET", "GTA2.NET\GTA2.NET.csproj", "{0723ACF8-539B-4D11-981D-E2066822EAA7}"
EndProject
Project("{FAE04EC0-301F-11D3-BF4B-00C04F79EFBC}") = "GTA2.NET Core", "GTA2.NET Core\GTA2.NET Core.csproj", "{52279F3E-AE51-467E-954D-614724CFF34D}"
EndProject
Project("{FAE04EC0-301F-11D3-BF4B-00C04F79EFBC}") = "GTA2.NET Server", "GTA2.NET Server\GTA2.NET Server.csproj", "{BDC5FB0D-5E0F-4B71-9C11-6AF9FD31F5E5}"
EndProject
Project("{FAE04EC0-301F-11D3-BF4B-00C04F79EFBC}") = "GTA2.NET UnitTests", "GTA2.NET UnitTests\GTA2.NET UnitTests.csproj", "{5A5BB6C9-EE0A-4E57-9E32-E3172C2268D3}"
EndProject
Project("{2150E333-8FDC-42A3-9474-1A3956D46DE8}") = "Third party", "Third party", "{3B56AFB1-65BB-4B4B-AC6F-703F57B4D124}"
EndProject
Project("{FAE04EC0-301F-11D3-BF4B-00C04F79EFBC}") = "Farseer Physics MonoGame", "ThirdParty\Farseer Physics MonoGame\Farseer Physics MonoGame.csproj", "{EA88836E-6C88-423C-BEA7-3125077CFA5A}"
EndProject
Project("{FAE04EC0-301F-11D3-BF4B-00C04F79EFBC}") = "GTA2.NET WinUI", "GTA2.NET WinUI\GTA2.NET WinUI.csproj", "{4C44529B-F131-4372-94DB-540A6FCBD08D}"
EndProject
Project("{2150E333-8FDC-42A3-9474-1A3956D46DE8}") = "Misc", "Misc", "{CBB4A0BF-F1C4-4902-832E-C94D3A0CE2F5}"
EndProject
Project("{FAE04EC0-301F-11D3-BF4B-00C04F79EFBC}") = "Farseer Physics JSON", "Misc\Farseer Physics JSON\Farseer Physics JSON.csproj", "{ED09D20C-1AB5-4EF1-8E3D-114E3F798C03}"
EndProject
Project("{FAE04EC0-301F-11D3-BF4B-00C04F79EFBC}") = "J2i.Net.XInputWrapper", "ThirdParty\J2i.Net.XInputWrapper\J2i.Net.XInputWrapper.csproj", "{146BCDF6-0354-4401-BBDD-57A52D2598A6}"
EndProject
Project("{FAE04EC0-301F-11D3-BF4B-00C04F79EFBC}") = "GTA2.NET Content (Dummy)", "GTA2.NET Content\GTA2.NET Content (Dummy)\GTA2.NET Content (Dummy).csproj", "{0B048F34-375C-435C-B27E-820B46D4EDF2}"
EndProject
Project("{FAE04EC0-301F-11D3-BF4B-00C04F79EFBC}") = "GTA2.NET Content", "GTA2.NET Content\GTA2.NET Content\GTA2.NET Content.contentproj", "{EFA273E2-D0D9-48DE-935D-4EBE2D844EAE}"
EndProject
Global
	GlobalSection(SolutionConfigurationPlatforms) = preSolution
		Android|Any CPU = Android|Any CPU
		Debug|Any CPU = Debug|Any CPU
		iOS|Any CPU = iOS|Any CPU
		Linux|Any CPU = Linux|Any CPU
		OSX|Any CPU = OSX|Any CPU
		PSM|Any CPU = PSM|Any CPU
		Release|Any CPU = Release|Any CPU
		Windows|Any CPU = Windows|Any CPU
		Windows8|Any CPU = Windows8|Any CPU
	EndGlobalSection
	GlobalSection(ProjectConfigurationPlatforms) = postSolution
		{0723ACF8-539B-4D11-981D-E2066822EAA7}.Android|Any CPU.ActiveCfg = Release|Any CPU
		{0723ACF8-539B-4D11-981D-E2066822EAA7}.Android|Any CPU.Build.0 = Release|Any CPU
		{0723ACF8-539B-4D11-981D-E2066822EAA7}.Debug|Any CPU.ActiveCfg = Debug|Any CPU
		{0723ACF8-539B-4D11-981D-E2066822EAA7}.Debug|Any CPU.Build.0 = Debug|Any CPU
		{0723ACF8-539B-4D11-981D-E2066822EAA7}.iOS|Any CPU.ActiveCfg = Release|Any CPU
		{0723ACF8-539B-4D11-981D-E2066822EAA7}.iOS|Any CPU.Build.0 = Release|Any CPU
		{0723ACF8-539B-4D11-981D-E2066822EAA7}.Linux|Any CPU.ActiveCfg = Release|Any CPU
		{0723ACF8-539B-4D11-981D-E2066822EAA7}.Linux|Any CPU.Build.0 = Release|Any CPU
		{0723ACF8-539B-4D11-981D-E2066822EAA7}.OSX|Any CPU.ActiveCfg = Release|Any CPU
		{0723ACF8-539B-4D11-981D-E2066822EAA7}.OSX|Any CPU.Build.0 = Release|Any CPU
		{0723ACF8-539B-4D11-981D-E2066822EAA7}.PSM|Any CPU.ActiveCfg = Release|Any CPU
		{0723ACF8-539B-4D11-981D-E2066822EAA7}.PSM|Any CPU.Build.0 = Release|Any CPU
		{0723ACF8-539B-4D11-981D-E2066822EAA7}.Release|Any CPU.ActiveCfg = Release|Any CPU
		{0723ACF8-539B-4D11-981D-E2066822EAA7}.Release|Any CPU.Build.0 = Release|Any CPU
		{0723ACF8-539B-4D11-981D-E2066822EAA7}.Windows|Any CPU.ActiveCfg = Release|Any CPU
		{0723ACF8-539B-4D11-981D-E2066822EAA7}.Windows|Any CPU.Build.0 = Release|Any CPU
		{0723ACF8-539B-4D11-981D-E2066822EAA7}.Windows8|Any CPU.ActiveCfg = Release|Any CPU
		{0723ACF8-539B-4D11-981D-E2066822EAA7}.Windows8|Any CPU.Build.0 = Release|Any CPU
		{52279F3E-AE51-467E-954D-614724CFF34D}.Android|Any CPU.ActiveCfg = Release|Any CPU
		{52279F3E-AE51-467E-954D-614724CFF34D}.Android|Any CPU.Build.0 = Release|Any CPU
		{52279F3E-AE51-467E-954D-614724CFF34D}.Debug|Any CPU.ActiveCfg = Debug|Any CPU
		{52279F3E-AE51-467E-954D-614724CFF34D}.Debug|Any CPU.Build.0 = Debug|Any CPU
		{52279F3E-AE51-467E-954D-614724CFF34D}.iOS|Any CPU.ActiveCfg = Release|Any CPU
		{52279F3E-AE51-467E-954D-614724CFF34D}.iOS|Any CPU.Build.0 = Release|Any CPU
		{52279F3E-AE51-467E-954D-614724CFF34D}.Linux|Any CPU.ActiveCfg = Release|Any CPU
		{52279F3E-AE51-467E-954D-614724CFF34D}.Linux|Any CPU.Build.0 = Release|Any CPU
		{52279F3E-AE51-467E-954D-614724CFF34D}.OSX|Any CPU.ActiveCfg = Release|Any CPU
		{52279F3E-AE51-467E-954D-614724CFF34D}.OSX|Any CPU.Build.0 = Release|Any CPU
		{52279F3E-AE51-467E-954D-614724CFF34D}.PSM|Any CPU.ActiveCfg = Release|Any CPU
		{52279F3E-AE51-467E-954D-614724CFF34D}.PSM|Any CPU.Build.0 = Release|Any CPU
		{52279F3E-AE51-467E-954D-614724CFF34D}.Release|Any CPU.ActiveCfg = Release|Any CPU
		{52279F3E-AE51-467E-954D-614724CFF34D}.Release|Any CPU.Build.0 = Release|Any CPU
		{52279F3E-AE51-467E-954D-614724CFF34D}.Windows|Any CPU.ActiveCfg = Release|Any CPU
		{52279F3E-AE51-467E-954D-614724CFF34D}.Windows|Any CPU.Build.0 = Release|Any CPU
		{52279F3E-AE51-467E-954D-614724CFF34D}.Windows8|Any CPU.ActiveCfg = Release|Any CPU
		{52279F3E-AE51-467E-954D-614724CFF34D}.Windows8|Any CPU.Build.0 = Release|Any CPU
		{BDC5FB0D-5E0F-4B71-9C11-6AF9FD31F5E5}.Android|Any CPU.ActiveCfg = Release|Any CPU
		{BDC5FB0D-5E0F-4B71-9C11-6AF9FD31F5E5}.Android|Any CPU.Build.0 = Release|Any CPU
		{BDC5FB0D-5E0F-4B71-9C11-6AF9FD31F5E5}.Debug|Any CPU.ActiveCfg = Debug|Any CPU
		{BDC5FB0D-5E0F-4B71-9C11-6AF9FD31F5E5}.Debug|Any CPU.Build.0 = Debug|Any CPU
		{BDC5FB0D-5E0F-4B71-9C11-6AF9FD31F5E5}.iOS|Any CPU.ActiveCfg = Release|Any CPU
		{BDC5FB0D-5E0F-4B71-9C11-6AF9FD31F5E5}.iOS|Any CPU.Build.0 = Release|Any CPU
		{BDC5FB0D-5E0F-4B71-9C11-6AF9FD31F5E5}.Linux|Any CPU.ActiveCfg = Release|Any CPU
		{BDC5FB0D-5E0F-4B71-9C11-6AF9FD31F5E5}.Linux|Any CPU.Build.0 = Release|Any CPU
		{BDC5FB0D-5E0F-4B71-9C11-6AF9FD31F5E5}.OSX|Any CPU.ActiveCfg = Release|Any CPU
		{BDC5FB0D-5E0F-4B71-9C11-6AF9FD31F5E5}.OSX|Any CPU.Build.0 = Release|Any CPU
		{BDC5FB0D-5E0F-4B71-9C11-6AF9FD31F5E5}.PSM|Any CPU.ActiveCfg = Release|Any CPU
		{BDC5FB0D-5E0F-4B71-9C11-6AF9FD31F5E5}.PSM|Any CPU.Build.0 = Release|Any CPU
		{BDC5FB0D-5E0F-4B71-9C11-6AF9FD31F5E5}.Release|Any CPU.ActiveCfg = Release|Any CPU
		{BDC5FB0D-5E0F-4B71-9C11-6AF9FD31F5E5}.Release|Any CPU.Build.0 = Release|Any CPU
		{BDC5FB0D-5E0F-4B71-9C11-6AF9FD31F5E5}.Windows|Any CPU.ActiveCfg = Release|Any CPU
		{BDC5FB0D-5E0F-4B71-9C11-6AF9FD31F5E5}.Windows|Any CPU.Build.0 = Release|Any CPU
		{BDC5FB0D-5E0F-4B71-9C11-6AF9FD31F5E5}.Windows8|Any CPU.ActiveCfg = Release|Any CPU
		{BDC5FB0D-5E0F-4B71-9C11-6AF9FD31F5E5}.Windows8|Any CPU.Build.0 = Release|Any CPU
		{5A5BB6C9-EE0A-4E57-9E32-E3172C2268D3}.Android|Any CPU.ActiveCfg = Release|Any CPU
		{5A5BB6C9-EE0A-4E57-9E32-E3172C2268D3}.Android|Any CPU.Build.0 = Release|Any CPU
		{5A5BB6C9-EE0A-4E57-9E32-E3172C2268D3}.Debug|Any CPU.ActiveCfg = Debug|Any CPU
		{5A5BB6C9-EE0A-4E57-9E32-E3172C2268D3}.Debug|Any CPU.Build.0 = Debug|Any CPU
		{5A5BB6C9-EE0A-4E57-9E32-E3172C2268D3}.iOS|Any CPU.ActiveCfg = Release|Any CPU
		{5A5BB6C9-EE0A-4E57-9E32-E3172C2268D3}.iOS|Any CPU.Build.0 = Release|Any CPU
		{5A5BB6C9-EE0A-4E57-9E32-E3172C2268D3}.Linux|Any CPU.ActiveCfg = Release|Any CPU
		{5A5BB6C9-EE0A-4E57-9E32-E3172C2268D3}.Linux|Any CPU.Build.0 = Release|Any CPU
		{5A5BB6C9-EE0A-4E57-9E32-E3172C2268D3}.OSX|Any CPU.ActiveCfg = Release|Any CPU
		{5A5BB6C9-EE0A-4E57-9E32-E3172C2268D3}.OSX|Any CPU.Build.0 = Release|Any CPU
		{5A5BB6C9-EE0A-4E57-9E32-E3172C2268D3}.PSM|Any CPU.ActiveCfg = Release|Any CPU
		{5A5BB6C9-EE0A-4E57-9E32-E3172C2268D3}.PSM|Any CPU.Build.0 = Release|Any CPU
		{5A5BB6C9-EE0A-4E57-9E32-E3172C2268D3}.Release|Any CPU.ActiveCfg = Release|Any CPU
		{5A5BB6C9-EE0A-4E57-9E32-E3172C2268D3}.Release|Any CPU.Build.0 = Release|Any CPU
		{5A5BB6C9-EE0A-4E57-9E32-E3172C2268D3}.Windows|Any CPU.ActiveCfg = Release|Any CPU
		{5A5BB6C9-EE0A-4E57-9E32-E3172C2268D3}.Windows|Any CPU.Build.0 = Release|Any CPU
		{5A5BB6C9-EE0A-4E57-9E32-E3172C2268D3}.Windows8|Any CPU.ActiveCfg = Release|Any CPU
		{5A5BB6C9-EE0A-4E57-9E32-E3172C2268D3}.Windows8|Any CPU.Build.0 = Release|Any CPU
		{EA88836E-6C88-423C-BEA7-3125077CFA5A}.Android|Any CPU.ActiveCfg = Release|Any CPU
		{EA88836E-6C88-423C-BEA7-3125077CFA5A}.Android|Any CPU.Build.0 = Release|Any CPU
		{EA88836E-6C88-423C-BEA7-3125077CFA5A}.Debug|Any CPU.ActiveCfg = Debug|Any CPU
		{EA88836E-6C88-423C-BEA7-3125077CFA5A}.Debug|Any CPU.Build.0 = Debug|Any CPU
		{EA88836E-6C88-423C-BEA7-3125077CFA5A}.iOS|Any CPU.ActiveCfg = Release|Any CPU
		{EA88836E-6C88-423C-BEA7-3125077CFA5A}.iOS|Any CPU.Build.0 = Release|Any CPU
		{EA88836E-6C88-423C-BEA7-3125077CFA5A}.Linux|Any CPU.ActiveCfg = Release|Any CPU
		{EA88836E-6C88-423C-BEA7-3125077CFA5A}.Linux|Any CPU.Build.0 = Release|Any CPU
		{EA88836E-6C88-423C-BEA7-3125077CFA5A}.OSX|Any CPU.ActiveCfg = Release|Any CPU
		{EA88836E-6C88-423C-BEA7-3125077CFA5A}.OSX|Any CPU.Build.0 = Release|Any CPU
		{EA88836E-6C88-423C-BEA7-3125077CFA5A}.PSM|Any CPU.ActiveCfg = Release|Any CPU
		{EA88836E-6C88-423C-BEA7-3125077CFA5A}.PSM|Any CPU.Build.0 = Release|Any CPU
		{EA88836E-6C88-423C-BEA7-3125077CFA5A}.Release|Any CPU.ActiveCfg = Release|Any CPU
		{EA88836E-6C88-423C-BEA7-3125077CFA5A}.Release|Any CPU.Build.0 = Release|Any CPU
		{EA88836E-6C88-423C-BEA7-3125077CFA5A}.Windows|Any CPU.ActiveCfg = Release|Any CPU
		{EA88836E-6C88-423C-BEA7-3125077CFA5A}.Windows|Any CPU.Build.0 = Release|Any CPU
		{EA88836E-6C88-423C-BEA7-3125077CFA5A}.Windows8|Any CPU.ActiveCfg = Release|Any CPU
		{EA88836E-6C88-423C-BEA7-3125077CFA5A}.Windows8|Any CPU.Build.0 = Release|Any CPU
		{4C44529B-F131-4372-94DB-540A6FCBD08D}.Android|Any CPU.ActiveCfg = Release|Any CPU
		{4C44529B-F131-4372-94DB-540A6FCBD08D}.Android|Any CPU.Build.0 = Release|Any CPU
		{4C44529B-F131-4372-94DB-540A6FCBD08D}.Debug|Any CPU.ActiveCfg = Debug|Any CPU
		{4C44529B-F131-4372-94DB-540A6FCBD08D}.Debug|Any CPU.Build.0 = Debug|Any CPU
		{4C44529B-F131-4372-94DB-540A6FCBD08D}.iOS|Any CPU.ActiveCfg = Release|Any CPU
		{4C44529B-F131-4372-94DB-540A6FCBD08D}.iOS|Any CPU.Build.0 = Release|Any CPU
		{4C44529B-F131-4372-94DB-540A6FCBD08D}.Linux|Any CPU.ActiveCfg = Release|Any CPU
		{4C44529B-F131-4372-94DB-540A6FCBD08D}.Linux|Any CPU.Build.0 = Release|Any CPU
		{4C44529B-F131-4372-94DB-540A6FCBD08D}.OSX|Any CPU.ActiveCfg = Release|Any CPU
		{4C44529B-F131-4372-94DB-540A6FCBD08D}.OSX|Any CPU.Build.0 = Release|Any CPU
		{4C44529B-F131-4372-94DB-540A6FCBD08D}.PSM|Any CPU.ActiveCfg = Release|Any CPU
		{4C44529B-F131-4372-94DB-540A6FCBD08D}.PSM|Any CPU.Build.0 = Release|Any CPU
		{4C44529B-F131-4372-94DB-540A6FCBD08D}.Release|Any CPU.ActiveCfg = Release|Any CPU
		{4C44529B-F131-4372-94DB-540A6FCBD08D}.Release|Any CPU.Build.0 = Release|Any CPU
		{4C44529B-F131-4372-94DB-540A6FCBD08D}.Windows|Any CPU.ActiveCfg = Release|Any CPU
		{4C44529B-F131-4372-94DB-540A6FCBD08D}.Windows|Any CPU.Build.0 = Release|Any CPU
		{4C44529B-F131-4372-94DB-540A6FCBD08D}.Windows8|Any CPU.ActiveCfg = Release|Any CPU
		{4C44529B-F131-4372-94DB-540A6FCBD08D}.Windows8|Any CPU.Build.0 = Release|Any CPU
		{ED09D20C-1AB5-4EF1-8E3D-114E3F798C03}.Android|Any CPU.ActiveCfg = Release|Any CPU
		{ED09D20C-1AB5-4EF1-8E3D-114E3F798C03}.Android|Any CPU.Build.0 = Release|Any CPU
		{ED09D20C-1AB5-4EF1-8E3D-114E3F798C03}.Debug|Any CPU.ActiveCfg = Debug|Any CPU
		{ED09D20C-1AB5-4EF1-8E3D-114E3F798C03}.Debug|Any CPU.Build.0 = Debug|Any CPU
		{ED09D20C-1AB5-4EF1-8E3D-114E3F798C03}.Debug|Any CPU.Deploy.0 = Debug|Any CPU
		{ED09D20C-1AB5-4EF1-8E3D-114E3F798C03}.iOS|Any CPU.ActiveCfg = Release|Any CPU
		{ED09D20C-1AB5-4EF1-8E3D-114E3F798C03}.iOS|Any CPU.Build.0 = Release|Any CPU
		{ED09D20C-1AB5-4EF1-8E3D-114E3F798C03}.Linux|Any CPU.ActiveCfg = Release|Any CPU
		{ED09D20C-1AB5-4EF1-8E3D-114E3F798C03}.Linux|Any CPU.Build.0 = Release|Any CPU
		{ED09D20C-1AB5-4EF1-8E3D-114E3F798C03}.OSX|Any CPU.ActiveCfg = Release|Any CPU
		{ED09D20C-1AB5-4EF1-8E3D-114E3F798C03}.OSX|Any CPU.Build.0 = Release|Any CPU
		{ED09D20C-1AB5-4EF1-8E3D-114E3F798C03}.PSM|Any CPU.ActiveCfg = Release|Any CPU
		{ED09D20C-1AB5-4EF1-8E3D-114E3F798C03}.PSM|Any CPU.Build.0 = Release|Any CPU
		{ED09D20C-1AB5-4EF1-8E3D-114E3F798C03}.Release|Any CPU.ActiveCfg = Release|Any CPU
		{ED09D20C-1AB5-4EF1-8E3D-114E3F798C03}.Release|Any CPU.Build.0 = Release|Any CPU
		{ED09D20C-1AB5-4EF1-8E3D-114E3F798C03}.Windows|Any CPU.ActiveCfg = Release|Any CPU
		{ED09D20C-1AB5-4EF1-8E3D-114E3F798C03}.Windows|Any CPU.Build.0 = Release|Any CPU
		{ED09D20C-1AB5-4EF1-8E3D-114E3F798C03}.Windows8|Any CPU.ActiveCfg = Release|Any CPU
		{ED09D20C-1AB5-4EF1-8E3D-114E3F798C03}.Windows8|Any CPU.Build.0 = Release|Any CPU
		{146BCDF6-0354-4401-BBDD-57A52D2598A6}.Android|Any CPU.ActiveCfg = Release|Any CPU
		{146BCDF6-0354-4401-BBDD-57A52D2598A6}.Android|Any CPU.Build.0 = Release|Any CPU
		{146BCDF6-0354-4401-BBDD-57A52D2598A6}.Debug|Any CPU.ActiveCfg = Debug|Any CPU
		{146BCDF6-0354-4401-BBDD-57A52D2598A6}.Debug|Any CPU.Build.0 = Debug|Any CPU
		{146BCDF6-0354-4401-BBDD-57A52D2598A6}.iOS|Any CPU.ActiveCfg = Release|Any CPU
		{146BCDF6-0354-4401-BBDD-57A52D2598A6}.iOS|Any CPU.Build.0 = Release|Any CPU
		{146BCDF6-0354-4401-BBDD-57A52D2598A6}.Linux|Any CPU.ActiveCfg = Release|Any CPU
		{146BCDF6-0354-4401-BBDD-57A52D2598A6}.Linux|Any CPU.Build.0 = Release|Any CPU
		{146BCDF6-0354-4401-BBDD-57A52D2598A6}.OSX|Any CPU.ActiveCfg = Release|Any CPU
		{146BCDF6-0354-4401-BBDD-57A52D2598A6}.OSX|Any CPU.Build.0 = Release|Any CPU
		{146BCDF6-0354-4401-BBDD-57A52D2598A6}.PSM|Any CPU.ActiveCfg = Release|Any CPU
		{146BCDF6-0354-4401-BBDD-57A52D2598A6}.PSM|Any CPU.Build.0 = Release|Any CPU
		{146BCDF6-0354-4401-BBDD-57A52D2598A6}.Release|Any CPU.ActiveCfg = Release|Any CPU
		{146BCDF6-0354-4401-BBDD-57A52D2598A6}.Release|Any CPU.Build.0 = Release|Any CPU
		{146BCDF6-0354-4401-BBDD-57A52D2598A6}.Windows|Any CPU.ActiveCfg = Release|Any CPU
		{146BCDF6-0354-4401-BBDD-57A52D2598A6}.Windows|Any CPU.Build.0 = Release|Any CPU
		{146BCDF6-0354-4401-BBDD-57A52D2598A6}.Windows8|Any CPU.ActiveCfg = Release|Any CPU
		{146BCDF6-0354-4401-BBDD-57A52D2598A6}.Windows8|Any CPU.Build.0 = Release|Any CPU
		{0B048F34-375C-435C-B27E-820B46D4EDF2}.Android|Any CPU.ActiveCfg = Android|Any CPU
		{0B048F34-375C-435C-B27E-820B46D4EDF2}.Android|Any CPU.Build.0 = Android|Any CPU
		{0B048F34-375C-435C-B27E-820B46D4EDF2}.Debug|Any CPU.ActiveCfg = PSM|Any CPU
		{0B048F34-375C-435C-B27E-820B46D4EDF2}.Debug|Any CPU.Build.0 = PSM|Any CPU
		{0B048F34-375C-435C-B27E-820B46D4EDF2}.iOS|Any CPU.ActiveCfg = iOS|Any CPU
		{0B048F34-375C-435C-B27E-820B46D4EDF2}.iOS|Any CPU.Build.0 = iOS|Any CPU
		{0B048F34-375C-435C-B27E-820B46D4EDF2}.Linux|Any CPU.ActiveCfg = Linux|Any CPU
		{0B048F34-375C-435C-B27E-820B46D4EDF2}.Linux|Any CPU.Build.0 = Linux|Any CPU
		{0B048F34-375C-435C-B27E-820B46D4EDF2}.OSX|Any CPU.ActiveCfg = OSX|Any CPU
		{0B048F34-375C-435C-B27E-820B46D4EDF2}.OSX|Any CPU.Build.0 = OSX|Any CPU
		{0B048F34-375C-435C-B27E-820B46D4EDF2}.PSM|Any CPU.ActiveCfg = PSM|Any CPU
		{0B048F34-375C-435C-B27E-820B46D4EDF2}.PSM|Any CPU.Build.0 = PSM|Any CPU
		{0B048F34-375C-435C-B27E-820B46D4EDF2}.Release|Any CPU.ActiveCfg = PSM|Any CPU
		{0B048F34-375C-435C-B27E-820B46D4EDF2}.Release|Any CPU.Build.0 = PSM|Any CPU
		{0B048F34-375C-435C-B27E-820B46D4EDF2}.Windows|Any CPU.ActiveCfg = Windows|Any CPU
		{0B048F34-375C-435C-B27E-820B46D4EDF2}.Windows|Any CPU.Build.0 = Windows|Any CPU
		{0B048F34-375C-435C-B27E-820B46D4EDF2}.Windows8|Any CPU.ActiveCfg = Windows8|Any CPU
		{0B048F34-375C-435C-B27E-820B46D4EDF2}.Windows8|Any CPU.Build.0 = Windows8|Any CPU
		{EFA273E2-D0D9-48DE-935D-4EBE2D844EAE}.Android|Any CPU.ActiveCfg = Android|Any CPU
		{EFA273E2-D0D9-48DE-935D-4EBE2D844EAE}.Debug|Any CPU.ActiveCfg = PSM|Any CPU
		{EFA273E2-D0D9-48DE-935D-4EBE2D844EAE}.iOS|Any CPU.ActiveCfg = iOS|Any CPU
		{EFA273E2-D0D9-48DE-935D-4EBE2D844EAE}.Linux|Any CPU.ActiveCfg = Linux|Any CPU
		{EFA273E2-D0D9-48DE-935D-4EBE2D844EAE}.OSX|Any CPU.ActiveCfg = OSX|Any CPU
		{EFA273E2-D0D9-48DE-935D-4EBE2D844EAE}.PSM|Any CPU.ActiveCfg = PSM|Any CPU
		{EFA273E2-D0D9-48DE-935D-4EBE2D844EAE}.Release|Any CPU.ActiveCfg = PSM|Any CPU
		{EFA273E2-D0D9-48DE-935D-4EBE2D844EAE}.Windows|Any CPU.ActiveCfg = Windows|Any CPU
		{EFA273E2-D0D9-48DE-935D-4EBE2D844EAE}.Windows8|Any CPU.ActiveCfg = Windows8|Any CPU
	EndGlobalSection
	GlobalSection(SolutionProperties) = preSolution
		HideSolutionNode = FALSE
	EndGlobalSection
	GlobalSection(NestedProjects) = preSolution
		{EA88836E-6C88-423C-BEA7-3125077CFA5A} = {3B56AFB1-65BB-4B4B-AC6F-703F57B4D124}
		{146BCDF6-0354-4401-BBDD-57A52D2598A6} = {3B56AFB1-65BB-4B4B-AC6F-703F57B4D124}
		{ED09D20C-1AB5-4EF1-8E3D-114E3F798C03} = {CBB4A0BF-F1C4-4902-832E-C94D3A0CE2F5}
	EndGlobalSection
EndGlobal
